
Microsoft Visual Studio Solution File, Format Version 12.00
# Visual Studio 15
VisualStudioVersion = 15.0.28307.438
MinimumVisualStudioVersion = 10.0.40219.1
Project("{9A19103F-16F7-4668-BE54-9A1E7A4F7556}") = "App", "app\App.csproj", "{57ACC63F-5C19-42C6-8477-BB03C14DCC19}"
EndProject
Project("{9A19103F-16F7-4668-BE54-9A1E7A4F7556}") = "Tests", "tests\Tests.csproj", "{B4DCEFFC-BEEF-4D7D-BE3D-748497AD271E}"
EndProject
Global
	GlobalSection(SolutionConfigurationPlatforms) = preSolution
		Debug|Any CPU = Debug|Any CPU
		Release|Any CPU = Release|Any CPU
	EndGlobalSection
	GlobalSection(ProjectConfigurationPlatforms) = postSolution
		{57ACC63F-5C19-42C6-8477-BB03C14DCC19}.Debug|Any CPU.ActiveCfg = Debug|Any CPU
		{57ACC63F-5C19-42C6-8477-BB03C14DCC19}.Debug|Any CPU.Build.0 = Debug|Any CPU
		{57ACC63F-5C19-42C6-8477-BB03C14DCC19}.Release|Any CPU.ActiveCfg = Release|Any CPU
		{57ACC63F-5C19-42C6-8477-BB03C14DCC19}.Release|Any CPU.Build.0 = Release|Any CPU
		{B4DCEFFC-BEEF-4D7D-BE3D-748497AD271E}.Debug|Any CPU.ActiveCfg = Debug|Any CPU
		{B4DCEFFC-BEEF-4D7D-BE3D-748497AD271E}.Debug|Any CPU.Build.0 = Debug|Any CPU
		{B4DCEFFC-BEEF-4D7D-BE3D-748497AD271E}.Release|Any CPU.ActiveCfg = Release|Any CPU
		{B4DCEFFC-BEEF-4D7D-BE3D-748497AD271E}.Release|Any CPU.Build.0 = Release|Any CPU
	EndGlobalSection
	GlobalSection(SolutionProperties) = preSolution
		HideSolutionNode = FALSE
	EndGlobalSection
	GlobalSection(ExtensibilityGlobals) = postSolution
		SolutionGuid = {E70DEA30-2253-460A-86E8-D56CC7564B27}
	EndGlobalSection
EndGlobal
